
Microsoft Visual Studio Solution File, Format Version 12.00
# Visual Studio Version 17
VisualStudioVersion = 17.11.35303.130
MinimumVisualStudioVersion = 10.0.40219.1
Project("{FAE04EC0-301F-11D3-BF4B-00C04F79EFBC}") = "UiPath.Activities.ProjectName", "UiPath.Activities.ProjectName\UiPath.Activities.ProjectName.csproj", "{EE59ADC1-89E0-4F6C-935A-63F3A52D6D8D}"
EndProject
Project("{FAE04EC0-301F-11D3-BF4B-00C04F79EFBC}") = "UiPath.Activities.ProjectName.Packaging", "UiPath.Activities.ProjectName.Packaging\UiPath.Activities.ProjectName.Packaging.csproj", "{5B6E7870-9E3C-4D41-A39C-A91C4500B40D}"
EndProject
Project("{FAE04EC0-301F-11D3-BF4B-00C04F79EFBC}") = "UiPath.Activities.ProjectName.Tests", "UiPath.Activities.ProjectName.Tests\UiPath.Activities.ProjectName.Tests.csproj", "{EA2F190B-3FB6-4D52-A532-07BFCC5A4C20}"
EndProject
Global
	GlobalSection(SolutionConfigurationPlatforms) = preSolution
		Debug|Any CPU = Debug|Any CPU
		Release|Any CPU = Release|Any CPU
	EndGlobalSection
	GlobalSection(ProjectConfigurationPlatforms) = postSolution
		{EE59ADC1-89E0-4F6C-935A-63F3A52D6D8D}.Debug|Any CPU.ActiveCfg = Debug|Any CPU
		{EE59ADC1-89E0-4F6C-935A-63F3A52D6D8D}.Debug|Any CPU.Build.0 = Debug|Any CPU
		{EE59ADC1-89E0-4F6C-935A-63F3A52D6D8D}.Release|Any CPU.ActiveCfg = Release|Any CPU
		{EE59ADC1-89E0-4F6C-935A-63F3A52D6D8D}.Release|Any CPU.Build.0 = Release|Any CPU
		{5B6E7870-9E3C-4D41-A39C-A91C4500B40D}.Debug|Any CPU.ActiveCfg = Debug|Any CPU
		{5B6E7870-9E3C-4D41-A39C-A91C4500B40D}.Debug|Any CPU.Build.0 = Debug|Any CPU
		{5B6E7870-9E3C-4D41-A39C-A91C4500B40D}.Release|Any CPU.ActiveCfg = Release|Any CPU
		{5B6E7870-9E3C-4D41-A39C-A91C4500B40D}.Release|Any CPU.Build.0 = Release|Any CPU
		{EA2F190B-3FB6-4D52-A532-07BFCC5A4C20}.Debug|Any CPU.ActiveCfg = Debug|Any CPU
		{EA2F190B-3FB6-4D52-A532-07BFCC5A4C20}.Debug|Any CPU.Build.0 = Debug|Any CPU
		{EA2F190B-3FB6-4D52-A532-07BFCC5A4C20}.Release|Any CPU.ActiveCfg = Release|Any CPU
		{EA2F190B-3FB6-4D52-A532-07BFCC5A4C20}.Release|Any CPU.Build.0 = Release|Any CPU
	EndGlobalSection
	GlobalSection(SolutionProperties) = preSolution
		HideSolutionNode = FALSE
	EndGlobalSection
	GlobalSection(ExtensibilityGlobals) = postSolution
		SolutionGuid = {3E6B7A05-3870-4F2E-AA26-E77C3FFFCC32}
	EndGlobalSection
EndGlobal
